
Microsoft Visual Studio Solution File, Format Version 12.00
# Visual Studio 15
VisualStudioVersion = 15.0.28307.1259
MinimumVisualStudioVersion = 10.0.40219.1
Project("{FAE04EC0-301F-11D3-BF4B-00C04F79EFBC}") = "ChatServer", "ChatServer\ChatServer.csproj", "{3DE09DC0-B4F0-4412-BA9F-F2FE1F48A3B5}"
EndProject
Project("{FAE04EC0-301F-11D3-BF4B-00C04F79EFBC}") = "Repository", "Repository\Repository.csproj", "{09DAB307-D5D6-4797-BF5A-6FF6F56CB885}"
EndProject
Project("{FAE04EC0-301F-11D3-BF4B-00C04F79EFBC}") = "Domain", "Domain\Domain.csproj", "{2BCBB4E5-E8FC-484A-81F1-0C9D6C8090B2}"
EndProject
Global
	GlobalSection(SolutionConfigurationPlatforms) = preSolution
		Debug|Any CPU = Debug|Any CPU
		Release|Any CPU = Release|Any CPU
	EndGlobalSection
	GlobalSection(ProjectConfigurationPlatforms) = postSolution
		{3DE09DC0-B4F0-4412-BA9F-F2FE1F48A3B5}.Debug|Any CPU.ActiveCfg = Debug|Any CPU
		{3DE09DC0-B4F0-4412-BA9F-F2FE1F48A3B5}.Debug|Any CPU.Build.0 = Debug|Any CPU
		{3DE09DC0-B4F0-4412-BA9F-F2FE1F48A3B5}.Release|Any CPU.ActiveCfg = Release|Any CPU
		{3DE09DC0-B4F0-4412-BA9F-F2FE1F48A3B5}.Release|Any CPU.Build.0 = Release|Any CPU
		{09DAB307-D5D6-4797-BF5A-6FF6F56CB885}.Debug|Any CPU.ActiveCfg = Debug|Any CPU
		{09DAB307-D5D6-4797-BF5A-6FF6F56CB885}.Debug|Any CPU.Build.0 = Debug|Any CPU
		{09DAB307-D5D6-4797-BF5A-6FF6F56CB885}.Release|Any CPU.ActiveCfg = Release|Any CPU
		{09DAB307-D5D6-4797-BF5A-6FF6F56CB885}.Release|Any CPU.Build.0 = Release|Any CPU
		{2BCBB4E5-E8FC-484A-81F1-0C9D6C8090B2}.Debug|Any CPU.ActiveCfg = Debug|Any CPU
		{2BCBB4E5-E8FC-484A-81F1-0C9D6C8090B2}.Debug|Any CPU.Build.0 = Debug|Any CPU
		{2BCBB4E5-E8FC-484A-81F1-0C9D6C8090B2}.Release|Any CPU.ActiveCfg = Release|Any CPU
		{2BCBB4E5-E8FC-484A-81F1-0C9D6C8090B2}.Release|Any CPU.Build.0 = Release|Any CPU
	EndGlobalSection
	GlobalSection(SolutionProperties) = preSolution
		HideSolutionNode = FALSE
	EndGlobalSection
	GlobalSection(ExtensibilityGlobals) = postSolution
		SolutionGuid = {0A22569E-9F2B-48FF-9C5F-CF4E182CE238}
	EndGlobalSection
EndGlobal
